
Microsoft Visual Studio Solution File, Format Version 12.00
# Visual Studio 2013
VisualStudioVersion = 12.0.31101.0
MinimumVisualStudioVersion = 10.0.40219.1
Project("{FAE04EC0-301F-11D3-BF4B-00C04F79EFBC}") = "XLabs.Sample", "XLabsSamples\XLabs.Sample\XLabs.Sample.csproj", "{DC133A2F-E49E-49E3-B43D-BFB957CB5482}"
EndProject
Project("{FAE04EC0-301F-11D3-BF4B-00C04F79EFBC}") = "XLabs.Sample.Droid", "XLabsSamples\XLabs.Sample.Droid\XLabs.Sample.Droid.csproj", "{AA4B1042-18C5-4BAB-8EDA-24A8622ECC56}"
EndProject
Project("{FAE04EC0-301F-11D3-BF4B-00C04F79EFBC}") = "XLabs.Sample.iOS", "XLabsSamples\XLabs.Sample.iOS\XLabs.Sample.iOS.csproj", "{F68358E7-ADF7-4A0D-8DBF-C81C9B73009C}"
EndProject
Project("{FAE04EC0-301F-11D3-BF4B-00C04F79EFBC}") = "XLabs.Sample.WP", "XLabsSamples\XLabs.Sample.WP\XLabs.Sample.WP.csproj", "{5DE84A66-F761-41D2-9714-AF292CA9DBEB}"
EndProject
Global
	GlobalSection(SolutionConfigurationPlatforms) = preSolution
		Ad-Hoc|Any CPU = Ad-Hoc|Any CPU
		Ad-Hoc|ARM = Ad-Hoc|ARM
		Ad-Hoc|iPhone = Ad-Hoc|iPhone
		Ad-Hoc|iPhoneSimulator = Ad-Hoc|iPhoneSimulator
		Ad-Hoc|Mixed Platforms = Ad-Hoc|Mixed Platforms
		Ad-Hoc|x86 = Ad-Hoc|x86
		AppStore|Any CPU = AppStore|Any CPU
		AppStore|ARM = AppStore|ARM
		AppStore|iPhone = AppStore|iPhone
		AppStore|iPhoneSimulator = AppStore|iPhoneSimulator
		AppStore|Mixed Platforms = AppStore|Mixed Platforms
		AppStore|x86 = AppStore|x86
		Debug|Any CPU = Debug|Any CPU
		Debug|ARM = Debug|ARM
		Debug|iPhone = Debug|iPhone
		Debug|iPhoneSimulator = Debug|iPhoneSimulator
		Debug|Mixed Platforms = Debug|Mixed Platforms
		Debug|x86 = Debug|x86
		Release|Any CPU = Release|Any CPU
		Release|ARM = Release|ARM
		Release|iPhone = Release|iPhone
		Release|iPhoneSimulator = Release|iPhoneSimulator
		Release|Mixed Platforms = Release|Mixed Platforms
		Release|x86 = Release|x86
	EndGlobalSection
	GlobalSection(ProjectConfigurationPlatforms) = postSolution
		{DC133A2F-E49E-49E3-B43D-BFB957CB5482}.Ad-Hoc|Any CPU.ActiveCfg = Release|Any CPU
		{DC133A2F-E49E-49E3-B43D-BFB957CB5482}.Ad-Hoc|Any CPU.Build.0 = Release|Any CPU
		{DC133A2F-E49E-49E3-B43D-BFB957CB5482}.Ad-Hoc|ARM.ActiveCfg = Release|Any CPU
		{DC133A2F-E49E-49E3-B43D-BFB957CB5482}.Ad-Hoc|iPhone.ActiveCfg = Release|Any CPU
		{DC133A2F-E49E-49E3-B43D-BFB957CB5482}.Ad-Hoc|iPhoneSimulator.ActiveCfg = Release|Any CPU
		{DC133A2F-E49E-49E3-B43D-BFB957CB5482}.Ad-Hoc|Mixed Platforms.ActiveCfg = Release|Any CPU
		{DC133A2F-E49E-49E3-B43D-BFB957CB5482}.Ad-Hoc|Mixed Platforms.Build.0 = Release|Any CPU
		{DC133A2F-E49E-49E3-B43D-BFB957CB5482}.Ad-Hoc|x86.ActiveCfg = Release|Any CPU
		{DC133A2F-E49E-49E3-B43D-BFB957CB5482}.AppStore|Any CPU.ActiveCfg = Release|Any CPU
		{DC133A2F-E49E-49E3-B43D-BFB957CB5482}.AppStore|Any CPU.Build.0 = Release|Any CPU
		{DC133A2F-E49E-49E3-B43D-BFB957CB5482}.AppStore|ARM.ActiveCfg = Release|Any CPU
		{DC133A2F-E49E-49E3-B43D-BFB957CB5482}.AppStore|iPhone.ActiveCfg = Release|Any CPU
		{DC133A2F-E49E-49E3-B43D-BFB957CB5482}.AppStore|iPhoneSimulator.ActiveCfg = Release|Any CPU
		{DC133A2F-E49E-49E3-B43D-BFB957CB5482}.AppStore|Mixed Platforms.ActiveCfg = Release|Any CPU
		{DC133A2F-E49E-49E3-B43D-BFB957CB5482}.AppStore|Mixed Platforms.Build.0 = Release|Any CPU
		{DC133A2F-E49E-49E3-B43D-BFB957CB5482}.AppStore|x86.ActiveCfg = Release|Any CPU
		{DC133A2F-E49E-49E3-B43D-BFB957CB5482}.Debug|Any CPU.ActiveCfg = Debug|Any CPU
		{DC133A2F-E49E-49E3-B43D-BFB957CB5482}.Debug|Any CPU.Build.0 = Debug|Any CPU
		{DC133A2F-E49E-49E3-B43D-BFB957CB5482}.Debug|ARM.ActiveCfg = Debug|Any CPU
		{DC133A2F-E49E-49E3-B43D-BFB957CB5482}.Debug|iPhone.ActiveCfg = Debug|Any CPU
		{DC133A2F-E49E-49E3-B43D-BFB957CB5482}.Debug|iPhoneSimulator.ActiveCfg = Debug|Any CPU
		{DC133A2F-E49E-49E3-B43D-BFB957CB5482}.Debug|Mixed Platforms.ActiveCfg = Debug|Any CPU
		{DC133A2F-E49E-49E3-B43D-BFB957CB5482}.Debug|Mixed Platforms.Build.0 = Debug|Any CPU
		{DC133A2F-E49E-49E3-B43D-BFB957CB5482}.Debug|x86.ActiveCfg = Debug|Any CPU
		{DC133A2F-E49E-49E3-B43D-BFB957CB5482}.Release|Any CPU.ActiveCfg = Release|Any CPU
		{DC133A2F-E49E-49E3-B43D-BFB957CB5482}.Release|Any CPU.Build.0 = Release|Any CPU
		{DC133A2F-E49E-49E3-B43D-BFB957CB5482}.Release|ARM.ActiveCfg = Release|Any CPU
		{DC133A2F-E49E-49E3-B43D-BFB957CB5482}.Release|iPhone.ActiveCfg = Release|Any CPU
		{DC133A2F-E49E-49E3-B43D-BFB957CB5482}.Release|iPhoneSimulator.ActiveCfg = Release|Any CPU
		{DC133A2F-E49E-49E3-B43D-BFB957CB5482}.Release|Mixed Platforms.ActiveCfg = Release|Any CPU
		{DC133A2F-E49E-49E3-B43D-BFB957CB5482}.Release|Mixed Platforms.Build.0 = Release|Any CPU
		{DC133A2F-E49E-49E3-B43D-BFB957CB5482}.Release|x86.ActiveCfg = Release|Any CPU
		{AA4B1042-18C5-4BAB-8EDA-24A8622ECC56}.Ad-Hoc|Any CPU.ActiveCfg = Release|Any CPU
		{AA4B1042-18C5-4BAB-8EDA-24A8622ECC56}.Ad-Hoc|Any CPU.Build.0 = Release|Any CPU
		{AA4B1042-18C5-4BAB-8EDA-24A8622ECC56}.Ad-Hoc|Any CPU.Deploy.0 = Release|Any CPU
		{AA4B1042-18C5-4BAB-8EDA-24A8622ECC56}.Ad-Hoc|ARM.ActiveCfg = Release|Any CPU
		{AA4B1042-18C5-4BAB-8EDA-24A8622ECC56}.Ad-Hoc|iPhone.ActiveCfg = Release|Any CPU
		{AA4B1042-18C5-4BAB-8EDA-24A8622ECC56}.Ad-Hoc|iPhoneSimulator.ActiveCfg = Release|Any CPU
		{AA4B1042-18C5-4BAB-8EDA-24A8622ECC56}.Ad-Hoc|Mixed Platforms.ActiveCfg = Release|Any CPU
		{AA4B1042-18C5-4BAB-8EDA-24A8622ECC56}.Ad-Hoc|Mixed Platforms.Build.0 = Release|Any CPU
		{AA4B1042-18C5-4BAB-8EDA-24A8622ECC56}.Ad-Hoc|Mixed Platforms.Deploy.0 = Release|Any CPU
		{AA4B1042-18C5-4BAB-8EDA-24A8622ECC56}.Ad-Hoc|x86.ActiveCfg = Release|Any CPU
		{AA4B1042-18C5-4BAB-8EDA-24A8622ECC56}.AppStore|Any CPU.ActiveCfg = Release|Any CPU
		{AA4B1042-18C5-4BAB-8EDA-24A8622ECC56}.AppStore|Any CPU.Build.0 = Release|Any CPU
		{AA4B1042-18C5-4BAB-8EDA-24A8622ECC56}.AppStore|Any CPU.Deploy.0 = Release|Any CPU
		{AA4B1042-18C5-4BAB-8EDA-24A8622ECC56}.AppStore|ARM.ActiveCfg = Release|Any CPU
		{AA4B1042-18C5-4BAB-8EDA-24A8622ECC56}.AppStore|iPhone.ActiveCfg = Release|Any CPU
		{AA4B1042-18C5-4BAB-8EDA-24A8622ECC56}.AppStore|iPhoneSimulator.ActiveCfg = Release|Any CPU
		{AA4B1042-18C5-4BAB-8EDA-24A8622ECC56}.AppStore|Mixed Platforms.ActiveCfg = Release|Any CPU
		{AA4B1042-18C5-4BAB-8EDA-24A8622ECC56}.AppStore|Mixed Platforms.Build.0 = Release|Any CPU
		{AA4B1042-18C5-4BAB-8EDA-24A8622ECC56}.AppStore|Mixed Platforms.Deploy.0 = Release|Any CPU
		{AA4B1042-18C5-4BAB-8EDA-24A8622ECC56}.AppStore|x86.ActiveCfg = Release|Any CPU
		{AA4B1042-18C5-4BAB-8EDA-24A8622ECC56}.Debug|Any CPU.ActiveCfg = Debug|Any CPU
		{AA4B1042-18C5-4BAB-8EDA-24A8622ECC56}.Debug|Any CPU.Build.0 = Debug|Any CPU
		{AA4B1042-18C5-4BAB-8EDA-24A8622ECC56}.Debug|Any CPU.Deploy.0 = Debug|Any CPU
		{AA4B1042-18C5-4BAB-8EDA-24A8622ECC56}.Debug|ARM.ActiveCfg = Debug|Any CPU
		{AA4B1042-18C5-4BAB-8EDA-24A8622ECC56}.Debug|iPhone.ActiveCfg = Debug|Any CPU
		{AA4B1042-18C5-4BAB-8EDA-24A8622ECC56}.Debug|iPhoneSimulator.ActiveCfg = Debug|Any CPU
		{AA4B1042-18C5-4BAB-8EDA-24A8622ECC56}.Debug|Mixed Platforms.ActiveCfg = Debug|Any CPU
		{AA4B1042-18C5-4BAB-8EDA-24A8622ECC56}.Debug|Mixed Platforms.Build.0 = Debug|Any CPU
		{AA4B1042-18C5-4BAB-8EDA-24A8622ECC56}.Debug|Mixed Platforms.Deploy.0 = Debug|Any CPU
		{AA4B1042-18C5-4BAB-8EDA-24A8622ECC56}.Debug|x86.ActiveCfg = Debug|Any CPU
		{AA4B1042-18C5-4BAB-8EDA-24A8622ECC56}.Release|Any CPU.ActiveCfg = Release|Any CPU
		{AA4B1042-18C5-4BAB-8EDA-24A8622ECC56}.Release|Any CPU.Build.0 = Release|Any CPU
		{AA4B1042-18C5-4BAB-8EDA-24A8622ECC56}.Release|Any CPU.Deploy.0 = Release|Any CPU
		{AA4B1042-18C5-4BAB-8EDA-24A8622ECC56}.Release|ARM.ActiveCfg = Release|Any CPU
		{AA4B1042-18C5-4BAB-8EDA-24A8622ECC56}.Release|iPhone.ActiveCfg = Release|Any CPU
		{AA4B1042-18C5-4BAB-8EDA-24A8622ECC56}.Release|iPhoneSimulator.ActiveCfg = Release|Any CPU
		{AA4B1042-18C5-4BAB-8EDA-24A8622ECC56}.Release|Mixed Platforms.ActiveCfg = Release|Any CPU
		{AA4B1042-18C5-4BAB-8EDA-24A8622ECC56}.Release|Mixed Platforms.Build.0 = Release|Any CPU
		{AA4B1042-18C5-4BAB-8EDA-24A8622ECC56}.Release|Mixed Platforms.Deploy.0 = Release|Any CPU
		{AA4B1042-18C5-4BAB-8EDA-24A8622ECC56}.Release|x86.ActiveCfg = Release|Any CPU
		{F68358E7-ADF7-4A0D-8DBF-C81C9B73009C}.Ad-Hoc|Any CPU.ActiveCfg = Ad-Hoc|iPhone
		{F68358E7-ADF7-4A0D-8DBF-C81C9B73009C}.Ad-Hoc|ARM.ActiveCfg = Ad-Hoc|iPhone
		{F68358E7-ADF7-4A0D-8DBF-C81C9B73009C}.Ad-Hoc|iPhone.ActiveCfg = Ad-Hoc|iPhone
		{F68358E7-ADF7-4A0D-8DBF-C81C9B73009C}.Ad-Hoc|iPhone.Build.0 = Ad-Hoc|iPhone
		{F68358E7-ADF7-4A0D-8DBF-C81C9B73009C}.Ad-Hoc|iPhoneSimulator.ActiveCfg = Ad-Hoc|iPhoneSimulator
		{F68358E7-ADF7-4A0D-8DBF-C81C9B73009C}.Ad-Hoc|iPhoneSimulator.Build.0 = Ad-Hoc|iPhoneSimulator
		{F68358E7-ADF7-4A0D-8DBF-C81C9B73009C}.Ad-Hoc|Mixed Platforms.ActiveCfg = Ad-Hoc|iPhone
		{F68358E7-ADF7-4A0D-8DBF-C81C9B73009C}.Ad-Hoc|Mixed Platforms.Build.0 = Ad-Hoc|iPhone
		{F68358E7-ADF7-4A0D-8DBF-C81C9B73009C}.Ad-Hoc|x86.ActiveCfg = Ad-Hoc|iPhone
		{F68358E7-ADF7-4A0D-8DBF-C81C9B73009C}.AppStore|Any CPU.ActiveCfg = AppStore|iPhone
		{F68358E7-ADF7-4A0D-8DBF-C81C9B73009C}.AppStore|ARM.ActiveCfg = AppStore|iPhone
		{F68358E7-ADF7-4A0D-8DBF-C81C9B73009C}.AppStore|iPhone.ActiveCfg = AppStore|iPhone
		{F68358E7-ADF7-4A0D-8DBF-C81C9B73009C}.AppStore|iPhone.Build.0 = AppStore|iPhone
		{F68358E7-ADF7-4A0D-8DBF-C81C9B73009C}.AppStore|iPhoneSimulator.ActiveCfg = AppStore|iPhoneSimulator
		{F68358E7-ADF7-4A0D-8DBF-C81C9B73009C}.AppStore|iPhoneSimulator.Build.0 = AppStore|iPhoneSimulator
		{F68358E7-ADF7-4A0D-8DBF-C81C9B73009C}.AppStore|Mixed Platforms.ActiveCfg = AppStore|iPhone
		{F68358E7-ADF7-4A0D-8DBF-C81C9B73009C}.AppStore|Mixed Platforms.Build.0 = AppStore|iPhone
		{F68358E7-ADF7-4A0D-8DBF-C81C9B73009C}.AppStore|x86.ActiveCfg = AppStore|iPhone
		{F68358E7-ADF7-4A0D-8DBF-C81C9B73009C}.Debug|Any CPU.ActiveCfg = Debug|iPhone
		{F68358E7-ADF7-4A0D-8DBF-C81C9B73009C}.Debug|ARM.ActiveCfg = Debug|iPhone
		{F68358E7-ADF7-4A0D-8DBF-C81C9B73009C}.Debug|iPhone.ActiveCfg = Debug|iPhone
		{F68358E7-ADF7-4A0D-8DBF-C81C9B73009C}.Debug|iPhone.Build.0 = Debug|iPhone
		{F68358E7-ADF7-4A0D-8DBF-C81C9B73009C}.Debug|iPhoneSimulator.ActiveCfg = Debug|iPhoneSimulator
		{F68358E7-ADF7-4A0D-8DBF-C81C9B73009C}.Debug|iPhoneSimulator.Build.0 = Debug|iPhoneSimulator
		{F68358E7-ADF7-4A0D-8DBF-C81C9B73009C}.Debug|Mixed Platforms.ActiveCfg = Debug|iPhone
		{F68358E7-ADF7-4A0D-8DBF-C81C9B73009C}.Debug|Mixed Platforms.Build.0 = Debug|iPhone
		{F68358E7-ADF7-4A0D-8DBF-C81C9B73009C}.Debug|x86.ActiveCfg = Debug|iPhone
		{F68358E7-ADF7-4A0D-8DBF-C81C9B73009C}.Release|Any CPU.ActiveCfg = Release|iPhone
		{F68358E7-ADF7-4A0D-8DBF-C81C9B73009C}.Release|ARM.ActiveCfg = Release|iPhone
		{F68358E7-ADF7-4A0D-8DBF-C81C9B73009C}.Release|iPhone.ActiveCfg = Release|iPhone
		{F68358E7-ADF7-4A0D-8DBF-C81C9B73009C}.Release|iPhone.Build.0 = Release|iPhone
		{F68358E7-ADF7-4A0D-8DBF-C81C9B73009C}.Release|iPhoneSimulator.ActiveCfg = Release|iPhoneSimulator
		{F68358E7-ADF7-4A0D-8DBF-C81C9B73009C}.Release|iPhoneSimulator.Build.0 = Release|iPhoneSimulator
		{F68358E7-ADF7-4A0D-8DBF-C81C9B73009C}.Release|Mixed Platforms.ActiveCfg = Release|iPhone
		{F68358E7-ADF7-4A0D-8DBF-C81C9B73009C}.Release|Mixed Platforms.Build.0 = Release|iPhone
		{F68358E7-ADF7-4A0D-8DBF-C81C9B73009C}.Release|x86.ActiveCfg = Release|iPhone
		{5DE84A66-F761-41D2-9714-AF292CA9DBEB}.Ad-Hoc|Any CPU.ActiveCfg = Release|Any CPU
		{5DE84A66-F761-41D2-9714-AF292CA9DBEB}.Ad-Hoc|Any CPU.Build.0 = Release|Any CPU
		{5DE84A66-F761-41D2-9714-AF292CA9DBEB}.Ad-Hoc|Any CPU.Deploy.0 = Release|Any CPU
		{5DE84A66-F761-41D2-9714-AF292CA9DBEB}.Ad-Hoc|ARM.ActiveCfg = Release|ARM
		{5DE84A66-F761-41D2-9714-AF292CA9DBEB}.Ad-Hoc|ARM.Build.0 = Release|ARM
		{5DE84A66-F761-41D2-9714-AF292CA9DBEB}.Ad-Hoc|ARM.Deploy.0 = Release|ARM
		{5DE84A66-F761-41D2-9714-AF292CA9DBEB}.Ad-Hoc|iPhone.ActiveCfg = Release|Any CPU
		{5DE84A66-F761-41D2-9714-AF292CA9DBEB}.Ad-Hoc|iPhoneSimulator.ActiveCfg = Release|Any CPU
		{5DE84A66-F761-41D2-9714-AF292CA9DBEB}.Ad-Hoc|Mixed Platforms.ActiveCfg = Release|x86
		{5DE84A66-F761-41D2-9714-AF292CA9DBEB}.Ad-Hoc|Mixed Platforms.Build.0 = Release|x86
		{5DE84A66-F761-41D2-9714-AF292CA9DBEB}.Ad-Hoc|Mixed Platforms.Deploy.0 = Release|x86
		{5DE84A66-F761-41D2-9714-AF292CA9DBEB}.Ad-Hoc|x86.ActiveCfg = Release|x86
		{5DE84A66-F761-41D2-9714-AF292CA9DBEB}.Ad-Hoc|x86.Build.0 = Release|x86
		{5DE84A66-F761-41D2-9714-AF292CA9DBEB}.Ad-Hoc|x86.Deploy.0 = Release|x86
		{5DE84A66-F761-41D2-9714-AF292CA9DBEB}.AppStore|Any CPU.ActiveCfg = Release|Any CPU
		{5DE84A66-F761-41D2-9714-AF292CA9DBEB}.AppStore|Any CPU.Build.0 = Release|Any CPU
		{5DE84A66-F761-41D2-9714-AF292CA9DBEB}.AppStore|Any CPU.Deploy.0 = Release|Any CPU
		{5DE84A66-F761-41D2-9714-AF292CA9DBEB}.AppStore|ARM.ActiveCfg = Release|ARM
		{5DE84A66-F761-41D2-9714-AF292CA9DBEB}.AppStore|ARM.Build.0 = Release|ARM
		{5DE84A66-F761-41D2-9714-AF292CA9DBEB}.AppStore|ARM.Deploy.0 = Release|ARM
		{5DE84A66-F761-41D2-9714-AF292CA9DBEB}.AppStore|iPhone.ActiveCfg = Release|Any CPU
		{5DE84A66-F761-41D2-9714-AF292CA9DBEB}.AppStore|iPhoneSimulator.ActiveCfg = Release|Any CPU
		{5DE84A66-F761-41D2-9714-AF292CA9DBEB}.AppStore|Mixed Platforms.ActiveCfg = Release|x86
		{5DE84A66-F761-41D2-9714-AF292CA9DBEB}.AppStore|Mixed Platforms.Build.0 = Release|x86
		{5DE84A66-F761-41D2-9714-AF292CA9DBEB}.AppStore|Mixed Platforms.Deploy.0 = Release|x86
		{5DE84A66-F761-41D2-9714-AF292CA9DBEB}.AppStore|x86.ActiveCfg = Release|x86
		{5DE84A66-F761-41D2-9714-AF292CA9DBEB}.AppStore|x86.Build.0 = Release|x86
		{5DE84A66-F761-41D2-9714-AF292CA9DBEB}.AppStore|x86.Deploy.0 = Release|x86
		{5DE84A66-F761-41D2-9714-AF292CA9DBEB}.Debug|Any CPU.ActiveCfg = Debug|Any CPU
		{5DE84A66-F761-41D2-9714-AF292CA9DBEB}.Debug|Any CPU.Build.0 = Debug|Any CPU
		{5DE84A66-F761-41D2-9714-AF292CA9DBEB}.Debug|Any CPU.Deploy.0 = Debug|Any CPU
		{5DE84A66-F761-41D2-9714-AF292CA9DBEB}.Debug|ARM.ActiveCfg = Debug|ARM
		{5DE84A66-F761-41D2-9714-AF292CA9DBEB}.Debug|ARM.Build.0 = Debug|ARM
		{5DE84A66-F761-41D2-9714-AF292CA9DBEB}.Debug|ARM.Deploy.0 = Debug|ARM
		{5DE84A66-F761-41D2-9714-AF292CA9DBEB}.Debug|iPhone.ActiveCfg = Debug|Any CPU
		{5DE84A66-F761-41D2-9714-AF292CA9DBEB}.Debug|iPhoneSimulator.ActiveCfg = Debug|Any CPU
		{5DE84A66-F761-41D2-9714-AF292CA9DBEB}.Debug|Mixed Platforms.ActiveCfg = Debug|x86
		{5DE84A66-F761-41D2-9714-AF292CA9DBEB}.Debug|Mixed Platforms.Build.0 = Debug|x86
		{5DE84A66-F761-41D2-9714-AF292CA9DBEB}.Debug|Mixed Platforms.Deploy.0 = Debug|x86
		{5DE84A66-F761-41D2-9714-AF292CA9DBEB}.Debug|x86.ActiveCfg = Debug|x86
		{5DE84A66-F761-41D2-9714-AF292CA9DBEB}.Debug|x86.Build.0 = Debug|x86
		{5DE84A66-F761-41D2-9714-AF292CA9DBEB}.Debug|x86.Deploy.0 = Debug|x86
		{5DE84A66-F761-41D2-9714-AF292CA9DBEB}.Release|Any CPU.ActiveCfg = Release|Any CPU
		{5DE84A66-F761-41D2-9714-AF292CA9DBEB}.Release|Any CPU.Build.0 = Release|Any CPU
		{5DE84A66-F761-41D2-9714-AF292CA9DBEB}.Release|Any CPU.Deploy.0 = Release|Any CPU
		{5DE84A66-F761-41D2-9714-AF292CA9DBEB}.Release|ARM.ActiveCfg = Release|ARM
		{5DE84A66-F761-41D2-9714-AF292CA9DBEB}.Release|ARM.Build.0 = Release|ARM
		{5DE84A66-F761-41D2-9714-AF292CA9DBEB}.Release|ARM.Deploy.0 = Release|ARM
		{5DE84A66-F761-41D2-9714-AF292CA9DBEB}.Release|iPhone.ActiveCfg = Release|Any CPU
		{5DE84A66-F761-41D2-9714-AF292CA9DBEB}.Release|iPhoneSimulator.ActiveCfg = Release|Any CPU
		{5DE84A66-F761-41D2-9714-AF292CA9DBEB}.Release|Mixed Platforms.ActiveCfg = Release|x86
		{5DE84A66-F761-41D2-9714-AF292CA9DBEB}.Release|Mixed Platforms.Build.0 = Release|x86
		{5DE84A66-F761-41D2-9714-AF292CA9DBEB}.Release|Mixed Platforms.Deploy.0 = Release|x86
		{5DE84A66-F761-41D2-9714-AF292CA9DBEB}.Release|x86.ActiveCfg = Release|x86
		{5DE84A66-F761-41D2-9714-AF292CA9DBEB}.Release|x86.Build.0 = Release|x86
		{5DE84A66-F761-41D2-9714-AF292CA9DBEB}.Release|x86.Deploy.0 = Release|x86
	EndGlobalSection
	GlobalSection(SolutionProperties) = preSolution
		HideSolutionNode = FALSE
	EndGlobalSection
EndGlobal
